// !$*UTF8*$!
{
	archiveVersion = 1;
	classes = {
	};
	objectVersion = 54;
	objects = {

/* Begin PBXBuildFile section */
		124371A767303AE4818D9BC8 /* ZipArchive.xcframework in Frameworks */ = {isa = PBXBuildFile; fileRef = 2A13654B0E55BBFD9AC5464E /* ZipArchive.xcframework */; };
		1A9B470B1E906D4FE0839D71 /* SamplePlugin.swift in Sources */ = {isa = PBXBuildFile; fileRef = 9AAA9C1E29382A5500F47681 /* SamplePlugin.swift */; };
		26FCD4871AB8D3240BCC2306 /* WMCamera.xcframework in Embed Frameworks */ = {isa = PBXBuildFile; fileRef = A4B188870441087A620CEF96 /* WMCamera.xcframework */; settings = {ATTRIBUTES = (CodeSignOnCopy, ); }; };
		340AE6C676D8E63FE96AEDDF /* WMNetwork.xcframework in Frameworks */ = {isa = PBXBuildFile; fileRef = 61F59B0657AB4B74771C6A94 /* WMNetwork.xcframework */; };
		34F00FFE2321A8F4A6B6F200 /* WMDevice.xcframework in Embed Frameworks */ = {isa = PBXBuildFile; fileRef = 47413F43F57A19B0D534BB1A /* WMDevice.xcframework */; settings = {ATTRIBUTES = (CodeSignOnCopy, ); }; };
		530850C82E2198C54412C792 /* Launch Screen.storyboard in Resources */ = {isa = PBXBuildFile; fileRef = 9ABD6970263C046600CE0393 /* Launch Screen.storyboard */; };
		5764E8B4445F5A1A0D8AF005 /* MainViewController.swift in Sources */ = {isa = PBXBuildFile; fileRef = 9A0C3597271FB8C0009756B8 /* MainViewController.swift */; };
		699B4A8C55E8DA86FDD69EEC /* WMDevice.xcframework in Frameworks */ = {isa = PBXBuildFile; fileRef = 47413F43F57A19B0D534BB1A /* WMDevice.xcframework */; };
		6CDDABBD53BE19ACDCAB695D /* Main.storyboard in Resources */ = {isa = PBXBuildFile; fileRef = 9ABD6972263C046600CE0393 /* Main.storyboard */; };
		6DA94D7A2CA187FE95EBE85F /* LoadingView.xib in Resources */ = {isa = PBXBuildFile; fileRef = 9ABD6966263C045700CE0393 /* LoadingView.xib */; };
		8CF9BAC285BCBD0F201EAD08 /* WMatrixMobile.xcframework in Frameworks */ = {isa = PBXBuildFile; fileRef = 7B14FF562B1E08D8026776D4 /* WMatrixMobile.xcframework */; };
		8E6AC53DDE52FC0447B7107C /* WMApp.xcframework in Embed Frameworks */ = {isa = PBXBuildFile; fileRef = 9DB9DF82552E407DC0D722C5 /* WMApp.xcframework */; settings = {ATTRIBUTES = (CodeSignOnCopy, ); }; };
		8F42960EE309628667B959E7 /* LoadingView.swift in Sources */ = {isa = PBXBuildFile; fileRef = 9AF1076B273A0A3C0009741C /* LoadingView.swift */; };
		999819C374B9140794362DB9 /* WMApp.xcframework in Frameworks */ = {isa = PBXBuildFile; fileRef = 9DB9DF82552E407DC0D722C5 /* WMApp.xcframework */; };
		A0EFB6185BDBC09A977AECAF /* AppDelegate.swift in Sources */ = {isa = PBXBuildFile; fileRef = 9ABD6960263C045700CE0393 /* AppDelegate.swift */; };
		A6C17B03618A292659F5E62B /* SceneDelegate.swift in Sources */ = {isa = PBXBuildFile; fileRef = 9AB4020C27A3B64F00620A3E /* SceneDelegate.swift */; };
		B2B9BB3B4A44258675E94B13 /* WMNetwork.xcframework in Embed Frameworks */ = {isa = PBXBuildFile; fileRef = 61F59B0657AB4B74771C6A94 /* WMNetwork.xcframework */; settings = {ATTRIBUTES = (CodeSignOnCopy, ); }; };
		C106C1A2AD4C9F8895A55528 /* Assets.xcassets in Resources */ = {isa = PBXBuildFile; fileRef = 9A415C8928F686EB00A03CD8 /* Assets.xcassets */; };
		CD398571FAFFDF4ABAFFF9F4 /* GCDWebServers.xcframework in Embed Frameworks */ = {isa = PBXBuildFile; fileRef = FA293556D4ECDEE6519E6D33 /* GCDWebServers.xcframework */; settings = {ATTRIBUTES = (CodeSignOnCopy, ); }; };
		D0E33B77DDF0CFB8A65BC588 /* GCDWebServers.xcframework in Frameworks */ = {isa = PBXBuildFile; fileRef = FA293556D4ECDEE6519E6D33 /* GCDWebServers.xcframework */; };
		D30D4E6904C873C3BC2B23DE /* WMCamera.xcframework in Frameworks */ = {isa = PBXBuildFile; fileRef = A4B188870441087A620CEF96 /* WMCamera.xcframework */; };
		E23DB49DA304FB9AF3969FB9 /* ZipArchive.xcframework in Embed Frameworks */ = {isa = PBXBuildFile; fileRef = 2A13654B0E55BBFD9AC5464E /* ZipArchive.xcframework */; settings = {ATTRIBUTES = (CodeSignOnCopy, ); }; };
		E7AD1A134F419FE26C0916E2 /* WMatrix.bundle in Resources */ = {isa = PBXBuildFile; fileRef = 6686E52929066FC3008B2CC0 /* WMatrix.bundle */; };
		FF38328A939895E655C628EB /* WMatrixMobile.xcframework in Embed Frameworks */ = {isa = PBXBuildFile; fileRef = 7B14FF562B1E08D8026776D4 /* WMatrixMobile.xcframework */; settings = {ATTRIBUTES = (CodeSignOnCopy, ); }; };
/* End PBXBuildFile section */

/* Begin PBXCopyFilesBuildPhase section */
		B90A438C2D2DF3EE50E03E09 /* Embed Frameworks */ = {
			isa = PBXCopyFilesBuildPhase;
			buildActionMask = 2147483647;
			dstPath = "";
			dstSubfolderSpec = 10;
			files = (
				B2B9BB3B4A44258675E94B13 /* WMNetwork.xcframework in Embed Frameworks */,
				CD398571FAFFDF4ABAFFF9F4 /* GCDWebServers.xcframework in Embed Frameworks */,
				FF38328A939895E655C628EB /* WMatrixMobile.xcframework in Embed Frameworks */,
				E23DB49DA304FB9AF3969FB9 /* ZipArchive.xcframework in Embed Frameworks */,
				34F00FFE2321A8F4A6B6F200 /* WMDevice.xcframework in Embed Frameworks */,
				8E6AC53DDE52FC0447B7107C /* WMApp.xcframework in Embed Frameworks */,
				26FCD4871AB8D3240BCC2306 /* WMCamera.xcframework in Embed Frameworks */,
			);
			name = "Embed Frameworks";
			runOnlyForDeploymentPostprocessing = 0;
		};
/* End PBXCopyFilesBuildPhase section */

/* Begin PBXFileReference section */
		2A13654B0E55BBFD9AC5464E /* ZipArchive.xcframework */ = {isa = PBXFileReference; explicitFileType = wrapper.xcframework; lastKnownFileType = wrapper.xcframework; name = ZipArchive.xcframework; path = ZipArchive.xcframework; sourceTree = "<group>"; };
		47413F43F57A19B0D534BB1A /* WMDevice.xcframework */ = {isa = PBXFileReference; explicitFileType = wrapper.xcframework; lastKnownFileType = wrapper.xcframework; name = WMDevice.xcframework; path = WMDevice.xcframework; sourceTree = "<group>"; };
		61F59B0657AB4B74771C6A94 /* WMNetwork.xcframework */ = {isa = PBXFileReference; explicitFileType = wrapper.xcframework; lastKnownFileType = wrapper.xcframework; name = WMNetwork.xcframework; path = WMNetwork.xcframework; sourceTree = "<group>"; };
		6686E52929066FC3008B2CC0 /* WMatrix.bundle */ = {isa = PBXFileReference; lastKnownFileType = "wrapper.plug-in"; path = WMatrix.bundle; sourceTree = "<group>"; };
		7B14FF562B1E08D8026776D4 /* WMatrixMobile.xcframework */ = {isa = PBXFileReference; explicitFileType = wrapper.xcframework; lastKnownFileType = wrapper.xcframework; name = WMatrixMobile.xcframework; path = WMatrixMobile.xcframework; sourceTree = "<group>"; };
		8CD8DE44AE17CDC08AB1C7E1 /* Template.app */ = {isa = PBXFileReference; explicitFileType = wrapper.application; includeInIndex = 0; name = Template.app; path = Template.app; sourceTree = BUILT_PRODUCTS_DIR; };
		9A0C3597271FB8C0009756B8 /* MainViewController.swift */ = {isa = PBXFileReference; lastKnownFileType = sourcecode.swift; path = MainViewController.swift; sourceTree = "<group>"; };
		9A415C8928F686EB00A03CD8 /* Assets.xcassets */ = {isa = PBXFileReference; lastKnownFileType = folder.assetcatalog; path = Assets.xcassets; sourceTree = "<group>"; };
		9AAA9C1E29382A5500F47681 /* SamplePlugin.swift */ = {isa = PBXFileReference; fileEncoding = 4; lastKnownFileType = sourcecode.swift; path = SamplePlugin.swift; sourceTree = "<group>"; };
		9AB4020C27A3B64F00620A3E /* SceneDelegate.swift */ = {isa = PBXFileReference; fileEncoding = 4; lastKnownFileType = sourcecode.swift; path = SceneDelegate.swift; sourceTree = "<group>"; };
		9ABD6960263C045700CE0393 /* AppDelegate.swift */ = {isa = PBXFileReference; fileEncoding = 4; lastKnownFileType = sourcecode.swift; path = AppDelegate.swift; sourceTree = "<group>"; };
		9ABD6966263C045700CE0393 /* LoadingView.xib */ = {isa = PBXFileReference; fileEncoding = 4; lastKnownFileType = file.xib; path = LoadingView.xib; sourceTree = "<group>"; };
		9ABD6971263C046600CE0393 /* Base */ = {isa = PBXFileReference; lastKnownFileType = file.storyboard; name = Base; path = "Base.lproj/Launch Screen.storyboard"; sourceTree = "<group>"; };
		9ABD6973263C046600CE0393 /* Base */ = {isa = PBXFileReference; lastKnownFileType = file.storyboard; name = Base; path = Base.lproj/Main.storyboard; sourceTree = "<group>"; };
		9AF1076B273A0A3C0009741C /* LoadingView.swift */ = {isa = PBXFileReference; lastKnownFileType = sourcecode.swift; path = LoadingView.swift; sourceTree = "<group>"; };
		9DB9DF82552E407DC0D722C5 /* WMApp.xcframework */ = {isa = PBXFileReference; explicitFileType = wrapper.xcframework; lastKnownFileType = wrapper.xcframework; name = WMApp.xcframework; path = WMApp.xcframework; sourceTree = "<group>"; };
		A4B188870441087A620CEF96 /* WMCamera.xcframework */ = {isa = PBXFileReference; explicitFileType = wrapper.xcframework; lastKnownFileType = wrapper.xcframework; name = WMCamera.xcframework; path = WMCamera.xcframework; sourceTree = "<group>"; };
		AF70DFC2A4C17798FACAA58E /* Template-Info.plist */ = {isa = PBXFileReference; lastKnownFileType = text.plist.xml; name = "Template-Info.plist"; path = "/Users/yujin/wmb_home/projects/ios/a0eebc99-9c0b-4ef8-bb6d-6bb9bd380a11/Matrix_Mobile_iOS2/source/MyTestApp2/Template-Info.plist"; sourceTree = "<group>"; };
		FA293556D4ECDEE6519E6D33 /* GCDWebServers.xcframework */ = {isa = PBXFileReference; explicitFileType = wrapper.xcframework; lastKnownFileType = wrapper.xcframework; name = GCDWebServers.xcframework; path = GCDWebServers.xcframework; sourceTree = "<group>"; };
/* End PBXFileReference section */

/* Begin PBXFrameworksBuildPhase section */
		3D8B613D1B4292C69B927EAC /* Frameworks */ = {
			isa = PBXFrameworksBuildPhase;
			buildActionMask = 2147483647;
			files = (
				340AE6C676D8E63FE96AEDDF /* WMNetwork.xcframework in Frameworks */,
				D0E33B77DDF0CFB8A65BC588 /* GCDWebServers.xcframework in Frameworks */,
				8CF9BAC285BCBD0F201EAD08 /* WMatrixMobile.xcframework in Frameworks */,
				124371A767303AE4818D9BC8 /* ZipArchive.xcframework in Frameworks */,
				699B4A8C55E8DA86FDD69EEC /* WMDevice.xcframework in Frameworks */,
				999819C374B9140794362DB9 /* WMApp.xcframework in Frameworks */,
				D30D4E6904C873C3BC2B23DE /* WMCamera.xcframework in Frameworks */,
			);
			runOnlyForDeploymentPostprocessing = 0;
		};
/* End PBXFrameworksBuildPhase section */

/* Begin PBXGroup section */
		10CA53294FC136017749213B /* wmatrix-plugin-device */ = {
			isa = PBXGroup;
			children = (
				47413F43F57A19B0D534BB1A /* WMDevice.xcframework */,
			);
			path = "wmatrix-plugin-device";
			sourceTree = "<group>";
		};
		62531DD15311117BD00B6C0D /* wmatrix-plugin-app */ = {
			isa = PBXGroup;
			children = (
				9DB9DF82552E407DC0D722C5 /* WMApp.xcframework */,
			);
			path = "wmatrix-plugin-app";
			sourceTree = "<group>";
		};
		6686E51329066FC3008B2CC0 /* WMatrix */ = {
			isa = PBXGroup;
			children = (
				6686E52929066FC3008B2CC0 /* WMatrix.bundle */,
				6686E51429066FC3008B2CC0 /* Plugins */,
				6686E52A29066FC3008B2CC0 /* Lib */,
			);
			path = WMatrix;
			sourceTree = "<group>";
		};
		6686E51429066FC3008B2CC0 /* Plugins */ = {
			isa = PBXGroup;
			children = (
				6686E51529066FC3008B2CC0 /* wmatrix-plugin-network */,
				6686E51729066FC3008B2CC0 /* wmatrix-plugin-camera */,
				10CA53294FC136017749213B /* wmatrix-plugin-device */,
				62531DD15311117BD00B6C0D /* wmatrix-plugin-app */,
			);
			path = Plugins;
			sourceTree = "<group>";
		};
		6686E51529066FC3008B2CC0 /* wmatrix-plugin-network */ = {
			isa = PBXGroup;
			children = (
				61F59B0657AB4B74771C6A94 /* WMNetwork.xcframework */,
			);
			path = "wmatrix-plugin-network";
			sourceTree = "<group>";
		};
		6686E51729066FC3008B2CC0 /* wmatrix-plugin-camera */ = {
			isa = PBXGroup;
			children = (
				A4B188870441087A620CEF96 /* WMCamera.xcframework */,
			);
			path = "wmatrix-plugin-camera";
			sourceTree = "<group>";
		};
		6686E52A29066FC3008B2CC0 /* Lib */ = {
			isa = PBXGroup;
			children = (
				FA293556D4ECDEE6519E6D33 /* GCDWebServers.xcframework */,
				7B14FF562B1E08D8026776D4 /* WMatrixMobile.xcframework */,
				2A13654B0E55BBFD9AC5464E /* ZipArchive.xcframework */,
			);
			path = Lib;
			sourceTree = "<group>";
		};
		9A87CFE3263A82130031B526 = {
			isa = PBXGroup;
			children = (
				6686E51329066FC3008B2CC0 /* WMatrix */,
				9A87CFEE263A82130031B526 /* MyTestApp2 */,
				9A87CFED263A82130031B526 /* Products */,
			);
			sourceTree = "<group>";
		};
		9A87CFED263A82130031B526 /* Products */ = {
			isa = PBXGroup;
			children = (
				8CD8DE44AE17CDC08AB1C7E1 /* Template.app */,
			);
			name = Products;
			sourceTree = "<group>";
		};
		9A87CFEE263A82130031B526 /* MyTestApp2 */ = {
			isa = PBXGroup;
			children = (
				9AAA9C1D29382A5500F47681 /* Plugins */,
				9A415C8928F686EB00A03CD8 /* Assets.xcassets */,
				9A415C8A28F686EB00A03CD8,
				9ABD6970263C046600CE0393 /* Launch Screen.storyboard */,
				9ABD6972263C046600CE0393 /* Main.storyboard */,
				9ABD6966263C045700CE0393 /* LoadingView.xib */,
				9ABD6960263C045700CE0393 /* AppDelegate.swift */,
				9AB4020C27A3B64F00620A3E /* SceneDelegate.swift */,
				9AF1076B273A0A3C0009741C /* LoadingView.swift */,
				9A0C3597271FB8C0009756B8 /* MainViewController.swift */,
				AF70DFC2A4C17798FACAA58E /* Template-Info.plist */,
			);
			path = MyTestApp2;
			sourceTree = "<group>";
		};
		9AAA9C1D29382A5500F47681 /* Plugins */ = {
			isa = PBXGroup;
			children = (
				9AAA9C1E29382A5500F47681 /* SamplePlugin.swift */,
			);
			path = Plugins;
			sourceTree = "<group>";
		};
/* End PBXGroup section */

/* Begin PBXNativeTarget section */
		7A0889C668ADDEFCEAFC33BE /* Template */ = {
			isa = PBXNativeTarget;
			buildConfigurationList = 4C71F9F77404B3E10953374D /* Build configuration list for PBXNativeTarget "Template" */;
			buildPhases = (
				2B03CDF2096AE4D72F79FB94 /* ShellScript */,
				6E69DE8043143E1F483DF725 /* Sources */,
				3D8B613D1B4292C69B927EAC /* Frameworks */,
				D686565098B70D2A859740C4 /* Resources */,
				B90A438C2D2DF3EE50E03E09 /* Embed Frameworks */,
			);
			buildRules = (
			);
			dependencies = (
			);
			name = Template;
			productName = MyTestApp2;
			productReference = 8CD8DE44AE17CDC08AB1C7E1 /* Template.app */;
			productType = "com.apple.product-type.application";
		};
/* End PBXNativeTarget section */

/* Begin PBXProject section */
		9A87CFE4263A82130031B526 /* Project object */ = {
			isa = PBXProject;
			attributes = {
				LastSwiftUpdateCheck = 1240;
				LastUpgradeCheck = 1300;
				TargetAttributes = {
					9A87CFEB263A82130031B526 = {
						CreatedOnToolsVersion = 12.4;
						LastSwiftMigration = 1240;
					};
				};
			};
			buildConfigurationList = 9A87CFE7263A82130031B526 /* Build configuration list for PBXProject "MyTestApp2" */;
			compatibilityVersion = "Xcode 12.0";
			developmentRegion = en;
			hasScannedForEncodings = 0;
			knownRegions = (
				en,
				Base,
			);
			mainGroup = 9A87CFE3263A82130031B526;
			productRefGroup = 9A87CFED263A82130031B526 /* Products */;
			projectDirPath = "";
			projectRoot = "";
			targets = (
				7A0889C668ADDEFCEAFC33BE /* Template */,
			);
		};
/* End PBXProject section */

/* Begin PBXResourcesBuildPhase section */
		D686565098B70D2A859740C4 /* Resources */ = {
			isa = PBXResourcesBuildPhase;
			buildActionMask = 2147483647;
			files = (
				6DA94D7A2CA187FE95EBE85F /* LoadingView.xib in Resources */,
				C106C1A2AD4C9F8895A55528 /* Assets.xcassets in Resources */,
				6CDDABBD53BE19ACDCAB695D /* Main.storyboard in Resources */,
				E7AD1A134F419FE26C0916E2 /* WMatrix.bundle in Resources */,
				530850C82E2198C54412C792 /* Launch Screen.storyboard in Resources */,
			);
			runOnlyForDeploymentPostprocessing = 0;
		};
/* End PBXResourcesBuildPhase section */

/* Begin PBXShellScriptBuildPhase section */
		2B03CDF2096AE4D72F79FB94 /* ShellScript */ = {
			isa = PBXShellScriptBuildPhase;
			buildActionMask = 2147483647;
			files = (
			);
			inputFileListPaths = (
			);
			inputPaths = (
			);
			outputFileListPaths = (
			);
			outputPaths = (
			);
			runOnlyForDeploymentPostprocessing = 0;
			shellPath = /bin/sh;
			shellScript = "/usr/libexec/PlistBuddy -c \"Set target $TARGET_NAME\" ${PROJECT_DIR}/WMatrix/WMatrix.bundle/WMatrixConfig.plist\n\n\n";
		};
/* End PBXShellScriptBuildPhase section */

/* Begin PBXSourcesBuildPhase section */
		6E69DE8043143E1F483DF725 /* Sources */ = {
			isa = PBXSourcesBuildPhase;
			buildActionMask = 2147483647;
			files = (
				8F42960EE309628667B959E7 /* LoadingView.swift in Sources */,
				1A9B470B1E906D4FE0839D71 /* SamplePlugin.swift in Sources */,
				A0EFB6185BDBC09A977AECAF /* AppDelegate.swift in Sources */,
				5764E8B4445F5A1A0D8AF005 /* MainViewController.swift in Sources */,
				A6C17B03618A292659F5E62B /* SceneDelegate.swift in Sources */,
			);
			runOnlyForDeploymentPostprocessing = 0;
		};
/* End PBXSourcesBuildPhase section */

/* Begin PBXVariantGroup section */
		9ABD6970263C046600CE0393 /* Launch Screen.storyboard */ = {
			isa = PBXVariantGroup;
			children = (
				9ABD6971263C046600CE0393 /* Base */,
			);
			name = "Launch Screen.storyboard";
			sourceTree = "<group>";
		};
		9ABD6972263C046600CE0393 /* Main.storyboard */ = {
			isa = PBXVariantGroup;
			children = (
				9ABD6973263C046600CE0393 /* Base */,
			);
			name = Main.storyboard;
			sourceTree = "<group>";
		};
/* End PBXVariantGroup section */

/* Begin XCBuildConfiguration section */
		66493C95E061BE379F0E9EF6 /* Debug */ = {
			isa = XCBuildConfiguration;
			buildSettings = {
				ASSETCATALOG_COMPILER_APPICON_NAME = AppIcon;
				ASSETCATALOG_COMPILER_GLOBAL_ACCENT_COLOR_NAME = AccentColor;
				CLANG_ENABLE_MODULES = YES;
				CODE_SIGN_IDENTITY = "Apple Development";
				"CODE_SIGN_IDENTITY[sdk=iphoneos*]" = "iPhone Developer";
				CODE_SIGN_STYLE = Manual;
				CURRENT_PROJECT_VERSION = 1;
				DEVELOPMENT_TEAM = YXHXABBUG5;
				"DEVELOPMENT_TEAM[sdk=iphoneos*]" = YXHXABBUG5;
				ENABLE_BITCODE = NO;
				FRAMEWORK_SEARCH_PATHS = (
					"$(inherited)",
					"$(PROJECT_DIR)/Lib",
					"$(PROJECT_DIR)/WMatrix/Plugins/wmatrix-plugin-network",
					"$(PROJECT_DIR)/WMatrix/Plugins/wmatrix-plugin-camera",
					"$(PROJECT_DIR)/WMatrix/Lib",
					"$(PROJECT_DIR)/WMatrix/Plugins/wmatrix-plugin-device",
					"$(PROJECT_DIR)/WMatrix/Plugins/wmatrix-plugin-app",
				);
				HEADER_SEARCH_PATHS = "$(SRCROOT)/MyTestApp2/Plugin/TestPlugin/TestPlugin-Swift.h";
				INFOPLIST_FILE = "$(SRCROOT)/MyTestApp2/Template-Info.plist";
				INFOPLIST_KEY_CFBundleDisplayName = WMBank2;
				IPHONEOS_DEPLOYMENT_TARGET = 14.0;
				LD_RUNPATH_SEARCH_PATHS = (
					"$(inherited)",
					"@executable_path/Frameworks",
				);
				LIBRARY_SEARCH_PATHS = "$(inherited)";
				MARKETING_VERSION = 0.0.1;
				ON_DEMAND_RESOURCES_PREFETCH_ORDER = "";
				OTHER_LDFLAGS = "-ObjC";
				PRODUCT_BUNDLE_IDENTIFIER = matrix.mobile.app;
				PRODUCT_NAME = "${TARGET_NAME:c99extidentifier}";
				PROVISIONING_PROFILE_SPECIFIER = wildcard;
				"PROVISIONING_PROFILE_SPECIFIER[sdk=iphoneos*]" = wildcard;
				SUPPORTED_PLATFORMS = "iphoneos iphonesimulator";
				SUPPORTS_MACCATALYST = NO;
				SUPPORTS_XR_DESIGNED_FOR_IPHONE_IPAD = NO;
				SWIFT_INCLUDE_PATHS = "\"$(SRCROOT)/MyTestApp2/Plugin/TestPlugin\"";
				SWIFT_OBJC_BRIDGING_HEADER = "";
				SWIFT_OPTIMIZATION_LEVEL = "-Onone";
				SWIFT_VERSION = 5.0;
				TARGETED_DEVICE_FAMILY = "1,2";
				VALIDATE_WORKSPACE = NO;
			};
			name = Debug;
		};
		9A87CFFE263A82150031B526 /* Debug */ = {
			isa = XCBuildConfiguration;
			buildSettings = {
				ALWAYS_SEARCH_USER_PATHS = NO;
				CLANG_ANALYZER_LOCALIZABILITY_NONLOCALIZED = YES;
				CLANG_ANALYZER_NONNULL = YES;
				CLANG_ANALYZER_NUMBER_OBJECT_CONVERSION = YES_AGGRESSIVE;
				CLANG_CXX_LANGUAGE_STANDARD = "gnu++14";
				CLANG_CXX_LIBRARY = "libc++";
				CLANG_ENABLE_MODULES = YES;
				CLANG_ENABLE_OBJC_ARC = YES;
				CLANG_ENABLE_OBJC_WEAK = YES;
				CLANG_WARN_BLOCK_CAPTURE_AUTORELEASING = YES;
				CLANG_WARN_BOOL_CONVERSION = YES;
				CLANG_WARN_COMMA = YES;
				CLANG_WARN_CONSTANT_CONVERSION = YES;
				CLANG_WARN_DEPRECATED_OBJC_IMPLEMENTATIONS = YES;
				CLANG_WARN_DIRECT_OBJC_ISA_USAGE = YES_ERROR;
				CLANG_WARN_DOCUMENTATION_COMMENTS = YES;
				CLANG_WARN_EMPTY_BODY = YES;
				CLANG_WARN_ENUM_CONVERSION = YES;
				CLANG_WARN_INFINITE_RECURSION = YES;
				CLANG_WARN_INT_CONVERSION = YES;
				CLANG_WARN_NON_LITERAL_NULL_CONVERSION = YES;
				CLANG_WARN_OBJC_IMPLICIT_RETAIN_SELF = YES;
				CLANG_WARN_OBJC_LITERAL_CONVERSION = YES;
				CLANG_WARN_OBJC_ROOT_CLASS = YES_ERROR;
				CLANG_WARN_QUOTED_INCLUDE_IN_FRAMEWORK_HEADER = YES;
				CLANG_WARN_RANGE_LOOP_ANALYSIS = YES;
				CLANG_WARN_STRICT_PROTOTYPES = YES;
				CLANG_WARN_SUSPICIOUS_MOVE = YES;
				CLANG_WARN_UNGUARDED_AVAILABILITY = YES_AGGRESSIVE;
				CLANG_WARN_UNREACHABLE_CODE = YES;
				CLANG_WARN__DUPLICATE_METHOD_MATCH = YES;
				COPY_PHASE_STRIP = NO;
				DEBUG_INFORMATION_FORMAT = dwarf;
				ENABLE_STRICT_OBJC_MSGSEND = YES;
				ENABLE_TESTABILITY = YES;
				GCC_C_LANGUAGE_STANDARD = gnu11;
				GCC_DYNAMIC_NO_PIC = NO;
				GCC_NO_COMMON_BLOCKS = YES;
				GCC_OPTIMIZATION_LEVEL = 0;
				GCC_PREPROCESSOR_DEFINITIONS = (
					"DEBUG=1",
					"$(inherited)",
				);
				GCC_WARN_64_TO_32_BIT_CONVERSION = YES;
				GCC_WARN_ABOUT_RETURN_TYPE = YES_ERROR;
				GCC_WARN_UNDECLARED_SELECTOR = YES;
				GCC_WARN_UNINITIALIZED_AUTOS = YES_AGGRESSIVE;
				GCC_WARN_UNUSED_FUNCTION = YES;
				GCC_WARN_UNUSED_VARIABLE = YES;
				IPHONEOS_DEPLOYMENT_TARGET = 12.0;
				MTL_ENABLE_DEBUG_INFO = INCLUDE_SOURCE;
				MTL_FAST_MATH = YES;
				ONLY_ACTIVE_ARCH = YES;
				SDKROOT = iphoneos;
				SWIFT_ACTIVE_COMPILATION_CONDITIONS = DEBUG;
				SWIFT_OPTIMIZATION_LEVEL = "-Onone";
			};
			name = Debug;
		};
		9A87CFFF263A82150031B526 /* Release */ = {
			isa = XCBuildConfiguration;
			buildSettings = {
				ALWAYS_SEARCH_USER_PATHS = NO;
				CLANG_ANALYZER_LOCALIZABILITY_NONLOCALIZED = YES;
				CLANG_ANALYZER_NONNULL = YES;
				CLANG_ANALYZER_NUMBER_OBJECT_CONVERSION = YES_AGGRESSIVE;
				CLANG_CXX_LANGUAGE_STANDARD = "gnu++14";
				CLANG_CXX_LIBRARY = "libc++";
				CLANG_ENABLE_MODULES = YES;
				CLANG_ENABLE_OBJC_ARC = YES;
				CLANG_ENABLE_OBJC_WEAK = YES;
				CLANG_WARN_BLOCK_CAPTURE_AUTORELEASING = YES;
				CLANG_WARN_BOOL_CONVERSION = YES;
				CLANG_WARN_COMMA = YES;
				CLANG_WARN_CONSTANT_CONVERSION = YES;
				CLANG_WARN_DEPRECATED_OBJC_IMPLEMENTATIONS = YES;
				CLANG_WARN_DIRECT_OBJC_ISA_USAGE = YES_ERROR;
				CLANG_WARN_DOCUMENTATION_COMMENTS = YES;
				CLANG_WARN_EMPTY_BODY = YES;
				CLANG_WARN_ENUM_CONVERSION = YES;
				CLANG_WARN_INFINITE_RECURSION = YES;
				CLANG_WARN_INT_CONVERSION = YES;
				CLANG_WARN_NON_LITERAL_NULL_CONVERSION = YES;
				CLANG_WARN_OBJC_IMPLICIT_RETAIN_SELF = YES;
				CLANG_WARN_OBJC_LITERAL_CONVERSION = YES;
				CLANG_WARN_OBJC_ROOT_CLASS = YES_ERROR;
				CLANG_WARN_QUOTED_INCLUDE_IN_FRAMEWORK_HEADER = YES;
				CLANG_WARN_RANGE_LOOP_ANALYSIS = YES;
				CLANG_WARN_STRICT_PROTOTYPES = YES;
				CLANG_WARN_SUSPICIOUS_MOVE = YES;
				CLANG_WARN_UNGUARDED_AVAILABILITY = YES_AGGRESSIVE;
				CLANG_WARN_UNREACHABLE_CODE = YES;
				CLANG_WARN__DUPLICATE_METHOD_MATCH = YES;
				COPY_PHASE_STRIP = NO;
				DEBUG_INFORMATION_FORMAT = "dwarf-with-dsym";
				ENABLE_NS_ASSERTIONS = NO;
				ENABLE_STRICT_OBJC_MSGSEND = YES;
				GCC_C_LANGUAGE_STANDARD = gnu11;
				GCC_NO_COMMON_BLOCKS = YES;
				GCC_WARN_64_TO_32_BIT_CONVERSION = YES;
				GCC_WARN_ABOUT_RETURN_TYPE = YES_ERROR;
				GCC_WARN_UNDECLARED_SELECTOR = YES;
				GCC_WARN_UNINITIALIZED_AUTOS = YES_AGGRESSIVE;
				GCC_WARN_UNUSED_FUNCTION = YES;
				GCC_WARN_UNUSED_VARIABLE = YES;
				IPHONEOS_DEPLOYMENT_TARGET = 12.0;
				MTL_ENABLE_DEBUG_INFO = NO;
				MTL_FAST_MATH = YES;
				SDKROOT = iphoneos;
				SWIFT_COMPILATION_MODE = wholemodule;
				SWIFT_OPTIMIZATION_LEVEL = "-O";
				VALIDATE_PRODUCT = YES;
			};
			name = Release;
		};
		E4DB90F099E0C85DF128E86E /* Release */ = {
			isa = XCBuildConfiguration;
			buildSettings = {
				ASSETCATALOG_COMPILER_APPICON_NAME = AppIcon;
				ASSETCATALOG_COMPILER_GLOBAL_ACCENT_COLOR_NAME = AccentColor;
				CLANG_ENABLE_MODULES = YES;
				CODE_SIGN_IDENTITY = "Apple Distribution";
				"CODE_SIGN_IDENTITY[sdk=iphoneos*]" = "iPhone Distribution";
				CODE_SIGN_STYLE = Manual;
				CURRENT_PROJECT_VERSION = 1;
				DEVELOPMENT_TEAM = YXHXABBUG5;
				"DEVELOPMENT_TEAM[sdk=iphoneos*]" = YXHXABBUG5;
				ENABLE_BITCODE = NO;
				FRAMEWORK_SEARCH_PATHS = (
					"$(inherited)",
					"$(PROJECT_DIR)/Lib",
					"$(PROJECT_DIR)/WMatrix/Plugins/wmatrix-plugin-network",
					"$(PROJECT_DIR)/WMatrix/Plugins/wmatrix-plugin-camera",
					"$(PROJECT_DIR)/WMatrix/Lib",
					"$(PROJECT_DIR)/WMatrix/Plugins/wmatrix-plugin-device",
					"$(PROJECT_DIR)/WMatrix/Plugins/wmatrix-plugin-app",
				);
				HEADER_SEARCH_PATHS = "$(SRCROOT)/MyTestApp2/Plugin/TestPlugin/TestPlugin-Swift.h";
				INFOPLIST_FILE = "$(SRCROOT)/MyTestApp2/Template-Info.plist";
				INFOPLIST_KEY_CFBundleDisplayName = WMBank2;
				IPHONEOS_DEPLOYMENT_TARGET = 14.0;
				LD_RUNPATH_SEARCH_PATHS = (
					"$(inherited)",
					"@executable_path/Frameworks",
				);
				LIBRARY_SEARCH_PATHS = "$(inherited)";
				MARKETING_VERSION = 0.0.1;
				ON_DEMAND_RESOURCES_PREFETCH_ORDER = "";
				OTHER_LDFLAGS = "-ObjC";
				PRODUCT_BUNDLE_IDENTIFIER = matrix.mobile.app;
				PRODUCT_NAME = "${TARGET_NAME:c99extidentifier}";
				PROVISIONING_PROFILE_SPECIFIER = "Matrix Studio Profile";
				"PROVISIONING_PROFILE_SPECIFIER[sdk=iphoneos*]" = "Matrix Studio Profile";
				SUPPORTED_PLATFORMS = "iphoneos iphonesimulator";
				SUPPORTS_MACCATALYST = NO;
				SUPPORTS_XR_DESIGNED_FOR_IPHONE_IPAD = NO;
				SWIFT_INCLUDE_PATHS = "";
				SWIFT_OBJC_BRIDGING_HEADER = "";
				SWIFT_OPTIMIZATION_LEVEL = "-Onone";
				SWIFT_VERSION = 5.0;
				TARGETED_DEVICE_FAMILY = "1,2";
				VALIDATE_WORKSPACE = NO;
			};
			name = Release;
		};
/* End XCBuildConfiguration section */

/* Begin XCConfigurationList section */
		4C71F9F77404B3E10953374D /* Build configuration list for PBXNativeTarget "Template" */ = {
			isa = XCConfigurationList;
			buildConfigurations = (
				66493C95E061BE379F0E9EF6 /* Debug */,
				E4DB90F099E0C85DF128E86E /* Release */,
			);
			defaultConfigurationIsVisible = 0;
			defaultConfigurationName = Release;
		};
		9A87CFE7263A82130031B526 /* Build configuration list for PBXProject "MyTestApp2" */ = {
			isa = XCConfigurationList;
			buildConfigurations = (
				9A87CFFE263A82150031B526 /* Debug */,
				9A87CFFF263A82150031B526 /* Release */,
			);
			defaultConfigurationIsVisible = 0;
			defaultConfigurationName = Release;
		};
/* End XCConfigurationList section */
	};
	rootObject = 9A87CFE4263A82130031B526 /* Project object */;
}
